
Microsoft Visual Studio Solution File, Format Version 12.00
# Visual Studio 15
VisualStudioVersion = 15.0.27703.2018
MinimumVisualStudioVersion = 10.0.40219.1
Project("{FAE04EC0-301F-11D3-BF4B-00C04F79EFBC}") = "SPNATI Character Editor", "SPNATI Character Editor\SPNATI Character Editor.csproj", "{983E6D14-871B-4188-9068-A3FFFF714085}"
EndProject
Project("{FAE04EC0-301F-11D3-BF4B-00C04F79EFBC}") = "UnitTests", "UnitTests\UnitTests.csproj", "{F13070BC-303E-4F20-9B81-C82BE8346BF6}"
EndProject
Project("{FAE04EC0-301F-11D3-BF4B-00C04F79EFBC}") = "KisekaeImporter", "KisekaeImporter\KisekaeImporter.csproj", "{854F0D78-23DB-4AAA-BC52-3061EBD1A95C}"
EndProject
Project("{FAE04EC0-301F-11D3-BF4B-00C04F79EFBC}") = "Desktop", "Desktop\Desktop.csproj", "{ECDF4B17-C3A6-4915-A24D-00F63C52FE14}"
EndProject
Project("{FAE04EC0-301F-11D3-BF4B-00C04F79EFBC}") = "DesktopTests", "DesktopTests\DesktopTests.csproj", "{13D6AF06-B94D-4B6E-8DAC-0873C5A24792}"
EndProject
Global
	GlobalSection(SolutionConfigurationPlatforms) = preSolution
		Debug|Any CPU = Debug|Any CPU
		Release|Any CPU = Release|Any CPU
	EndGlobalSection
	GlobalSection(ProjectConfigurationPlatforms) = postSolution
		{983E6D14-871B-4188-9068-A3FFFF714085}.Debug|Any CPU.ActiveCfg = Debug|Any CPU
		{983E6D14-871B-4188-9068-A3FFFF714085}.Debug|Any CPU.Build.0 = Debug|Any CPU
		{983E6D14-871B-4188-9068-A3FFFF714085}.Release|Any CPU.ActiveCfg = Release|Any CPU
		{983E6D14-871B-4188-9068-A3FFFF714085}.Release|Any CPU.Build.0 = Release|Any CPU
		{F13070BC-303E-4F20-9B81-C82BE8346BF6}.Debug|Any CPU.ActiveCfg = Debug|Any CPU
		{F13070BC-303E-4F20-9B81-C82BE8346BF6}.Debug|Any CPU.Build.0 = Debug|Any CPU
		{F13070BC-303E-4F20-9B81-C82BE8346BF6}.Release|Any CPU.ActiveCfg = Release|Any CPU
		{F13070BC-303E-4F20-9B81-C82BE8346BF6}.Release|Any CPU.Build.0 = Release|Any CPU
		{854F0D78-23DB-4AAA-BC52-3061EBD1A95C}.Debug|Any CPU.ActiveCfg = Debug|Any CPU
		{854F0D78-23DB-4AAA-BC52-3061EBD1A95C}.Debug|Any CPU.Build.0 = Debug|Any CPU
		{854F0D78-23DB-4AAA-BC52-3061EBD1A95C}.Release|Any CPU.ActiveCfg = Release|Any CPU
		{854F0D78-23DB-4AAA-BC52-3061EBD1A95C}.Release|Any CPU.Build.0 = Release|Any CPU
		{ECDF4B17-C3A6-4915-A24D-00F63C52FE14}.Debug|Any CPU.ActiveCfg = Debug|Any CPU
		{ECDF4B17-C3A6-4915-A24D-00F63C52FE14}.Debug|Any CPU.Build.0 = Debug|Any CPU
		{ECDF4B17-C3A6-4915-A24D-00F63C52FE14}.Release|Any CPU.ActiveCfg = Release|Any CPU
		{ECDF4B17-C3A6-4915-A24D-00F63C52FE14}.Release|Any CPU.Build.0 = Release|Any CPU
		{13D6AF06-B94D-4B6E-8DAC-0873C5A24792}.Debug|Any CPU.ActiveCfg = Debug|Any CPU
		{13D6AF06-B94D-4B6E-8DAC-0873C5A24792}.Debug|Any CPU.Build.0 = Debug|Any CPU
		{13D6AF06-B94D-4B6E-8DAC-0873C5A24792}.Release|Any CPU.ActiveCfg = Release|Any CPU
		{13D6AF06-B94D-4B6E-8DAC-0873C5A24792}.Release|Any CPU.Build.0 = Release|Any CPU
	EndGlobalSection
	GlobalSection(SolutionProperties) = preSolution
		HideSolutionNode = FALSE
	EndGlobalSection
	GlobalSection(ExtensibilityGlobals) = postSolution
		SolutionGuid = {E83E5EF8-D72C-4D1E-BC17-41384E90F5A2}
	EndGlobalSection
EndGlobal
